
Microsoft Visual Studio Solution File, Format Version 12.00
# Visual Studio Version 16
VisualStudioVersion = 16.0.30225.117
MinimumVisualStudioVersion = 10.0.40219.1
Project("{9A19103F-16F7-4668-BE54-9A1E7A4F7556}") = "URL", "Http_Web_Server\URL.csproj", "{B3AAB44E-E4AC-4C7D-AAA8-4234E80F1450}"
EndProject
Project("{9A19103F-16F7-4668-BE54-9A1E7A4F7556}") = "HttpClient", "HttpClient\HttpClient.csproj", "{54E88592-AB3F-4AE1-A963-99048FCC0AE1}"
EndProject
Project("{9A19103F-16F7-4668-BE54-9A1E7A4F7556}") = "Custom Web Server", "Custom Web Server\Custom Web Server.csproj", "{E59E6DF0-52E6-4E5F-9504-5310B4E6586D}"
EndProject
Project("{9A19103F-16F7-4668-BE54-9A1E7A4F7556}") = "Custom-Http-Server", "Custom-Http-Server\Custom-Http-Server.csproj", "{0B6D2B7D-DFB0-467A-B69D-EFD5407878DD}"
EndProject
Global
	GlobalSection(SolutionConfigurationPlatforms) = preSolution
		Debug|Any CPU = Debug|Any CPU
		Release|Any CPU = Release|Any CPU
	EndGlobalSection
	GlobalSection(ProjectConfigurationPlatforms) = postSolution
		{B3AAB44E-E4AC-4C7D-AAA8-4234E80F1450}.Debug|Any CPU.ActiveCfg = Debug|Any CPU
		{B3AAB44E-E4AC-4C7D-AAA8-4234E80F1450}.Debug|Any CPU.Build.0 = Debug|Any CPU
		{B3AAB44E-E4AC-4C7D-AAA8-4234E80F1450}.Release|Any CPU.ActiveCfg = Release|Any CPU
		{B3AAB44E-E4AC-4C7D-AAA8-4234E80F1450}.Release|Any CPU.Build.0 = Release|Any CPU
		{54E88592-AB3F-4AE1-A963-99048FCC0AE1}.Debug|Any CPU.ActiveCfg = Debug|Any CPU
		{54E88592-AB3F-4AE1-A963-99048FCC0AE1}.Debug|Any CPU.Build.0 = Debug|Any CPU
		{54E88592-AB3F-4AE1-A963-99048FCC0AE1}.Release|Any CPU.ActiveCfg = Release|Any CPU
		{54E88592-AB3F-4AE1-A963-99048FCC0AE1}.Release|Any CPU.Build.0 = Release|Any CPU
		{E59E6DF0-52E6-4E5F-9504-5310B4E6586D}.Debug|Any CPU.ActiveCfg = Debug|Any CPU
		{E59E6DF0-52E6-4E5F-9504-5310B4E6586D}.Debug|Any CPU.Build.0 = Debug|Any CPU
		{E59E6DF0-52E6-4E5F-9504-5310B4E6586D}.Release|Any CPU.ActiveCfg = Release|Any CPU
		{E59E6DF0-52E6-4E5F-9504-5310B4E6586D}.Release|Any CPU.Build.0 = Release|Any CPU
		{0B6D2B7D-DFB0-467A-B69D-EFD5407878DD}.Debug|Any CPU.ActiveCfg = Debug|Any CPU
		{0B6D2B7D-DFB0-467A-B69D-EFD5407878DD}.Debug|Any CPU.Build.0 = Debug|Any CPU
		{0B6D2B7D-DFB0-467A-B69D-EFD5407878DD}.Release|Any CPU.ActiveCfg = Release|Any CPU
		{0B6D2B7D-DFB0-467A-B69D-EFD5407878DD}.Release|Any CPU.Build.0 = Release|Any CPU
	EndGlobalSection
	GlobalSection(SolutionProperties) = preSolution
		HideSolutionNode = FALSE
	EndGlobalSection
	GlobalSection(ExtensibilityGlobals) = postSolution
		SolutionGuid = {9933F7F9-F7CF-4910-A0CD-13194ADCDD1A}
	EndGlobalSection
EndGlobal
